
Microsoft Visual Studio Solution File, Format Version 9.00
# Visual Studio 2005
Project("{FAE04EC0-301F-11D3-BF4B-00C04F79EFBC}") = "mailWindowTest", "mailWindowTest\mailWindowTest.csproj", "{1280B771-9EEF-45F3-81C5-1C13EF98EF2E}"
EndProject
Project("{54435603-DBB4-11D2-8724-00A0C9A8B90C}") = "mailWindowTestSetup", "mailWindowTestSetup\mailWindowTestSetup", "{33F0C085-B02C-4AD8-BFA9-75DA04DC7BFB}"
EndProject
Global
	GlobalSection(SolutionConfigurationPlatforms) = preSolution
		Debug|Any CPU = Debug|Any CPU
		Release|Any CPU = Release|Any CPU
	EndGlobalSection
	GlobalSection(ProjectConfigurationPlatforms) = postSolution
		{1280B771-9EEF-45F3-81C5-1C13EF98EF2E}.Debug|Any CPU.ActiveCfg = Debug|Any CPU
		{1280B771-9EEF-45F3-81C5-1C13EF98EF2E}.Debug|Any CPU.Build.0 = Debug|Any CPU
		{1280B771-9EEF-45F3-81C5-1C13EF98EF2E}.Release|Any CPU.ActiveCfg = Release|Any CPU
		{1280B771-9EEF-45F3-81C5-1C13EF98EF2E}.Release|Any CPU.Build.0 = Release|Any CPU
		{33F0C085-B02C-4AD8-BFA9-75DA04DC7BFB}.Debug|Any CPU.ActiveCfg = Debug
		{33F0C085-B02C-4AD8-BFA9-75DA04DC7BFB}.Release|Any CPU.ActiveCfg = Release
	EndGlobalSection
	GlobalSection(SolutionProperties) = preSolution
		HideSolutionNode = FALSE
	EndGlobalSection
EndGlobal
