
Microsoft Visual Studio Solution File, Format Version 9.00
# Visual Studio 2005
Project("{FAE04EC0-301F-11D3-BF4B-00C04F79EFBC}") = "Edu.Psu.Ist.DynamicMail", "Edu.Psu.Ist.DynamicMail\Edu.Psu.Ist.DynamicMail.csproj", "{859891C2-D9EC-4614-915D-137289E837F6}"
EndProject
Project("{FAE04EC0-301F-11D3-BF4B-00C04F79EFBC}") = "ObjectXmlUnitTests", "ObjectXmlUnitTests\ObjectXmlUnitTests.csproj", "{0A4DB9B5-568B-4FD8-A7A3-9F3C2F173F39}"
EndProject
Project("{FAE04EC0-301F-11D3-BF4B-00C04F79EFBC}") = "ObjectXml", "XML Manipulation\ObjectXml.csproj", "{B79EFEE1-ED96-40D0-AD7C-6C4345B5EAB6}"
EndProject
Project("{54435603-DBB4-11D2-8724-00A0C9A8B90C}") = "Edu.Psu.Ist", "Edu.Psu.Ist.DynamicMailSetup\Edu.Psu.Ist.DynamicMailSetup", "{41540D89-C36F-4B8E-B703-452BB36ED6D0}"
EndProject
Project("{54435603-DBB4-11D2-8724-00A0C9A8B90C}") = "mailWindowTestSetup", "mailWindowTestSetup\mailWindowTestSetup", "{33F0C085-B02C-4AD8-BFA9-75DA04DC7BFB}"
EndProject
Project("{FAE04EC0-301F-11D3-BF4B-00C04F79EFBC}") = "DMUserInterfaceComponents", "DMUserInterfaceComponents\DMUserInterfaceComponents.csproj", "{2CB6935E-6F3B-4294-92D6-F971EE137764}"
EndProject
Project("{FAE04EC0-301F-11D3-BF4B-00C04F79EFBC}") = "Edu.Psu.Ist.Keystone", "Edu.Psu.Ist.Keystone\Edu.Psu.Ist.Keystone.csproj", "{5BEF3B6A-02C8-4730-848C-7A974C478B7C}"
EndProject
Global
	GlobalSection(SolutionConfigurationPlatforms) = preSolution
		Debug|Any CPU = Debug|Any CPU
		Release|Any CPU = Release|Any CPU
	EndGlobalSection
	GlobalSection(ProjectConfigurationPlatforms) = postSolution
		{859891C2-D9EC-4614-915D-137289E837F6}.Debug|Any CPU.ActiveCfg = Debug|Any CPU
		{859891C2-D9EC-4614-915D-137289E837F6}.Debug|Any CPU.Build.0 = Debug|Any CPU
		{859891C2-D9EC-4614-915D-137289E837F6}.Release|Any CPU.ActiveCfg = Release|Any CPU
		{859891C2-D9EC-4614-915D-137289E837F6}.Release|Any CPU.Build.0 = Release|Any CPU
		{0A4DB9B5-568B-4FD8-A7A3-9F3C2F173F39}.Debug|Any CPU.ActiveCfg = Debug|Any CPU
		{0A4DB9B5-568B-4FD8-A7A3-9F3C2F173F39}.Debug|Any CPU.Build.0 = Debug|Any CPU
		{0A4DB9B5-568B-4FD8-A7A3-9F3C2F173F39}.Release|Any CPU.ActiveCfg = Release|Any CPU
		{0A4DB9B5-568B-4FD8-A7A3-9F3C2F173F39}.Release|Any CPU.Build.0 = Release|Any CPU
		{B79EFEE1-ED96-40D0-AD7C-6C4345B5EAB6}.Debug|Any CPU.ActiveCfg = Debug|Any CPU
		{B79EFEE1-ED96-40D0-AD7C-6C4345B5EAB6}.Debug|Any CPU.Build.0 = Debug|Any CPU
		{B79EFEE1-ED96-40D0-AD7C-6C4345B5EAB6}.Release|Any CPU.ActiveCfg = Release|Any CPU
		{B79EFEE1-ED96-40D0-AD7C-6C4345B5EAB6}.Release|Any CPU.Build.0 = Release|Any CPU
		{41540D89-C36F-4B8E-B703-452BB36ED6D0}.Debug|Any CPU.ActiveCfg = Debug
		{41540D89-C36F-4B8E-B703-452BB36ED6D0}.Release|Any CPU.ActiveCfg = Release
		{33F0C085-B02C-4AD8-BFA9-75DA04DC7BFB}.Debug|Any CPU.ActiveCfg = Debug
		{33F0C085-B02C-4AD8-BFA9-75DA04DC7BFB}.Release|Any CPU.ActiveCfg = Release
		{2CB6935E-6F3B-4294-92D6-F971EE137764}.Debug|Any CPU.ActiveCfg = Debug|Any CPU
		{2CB6935E-6F3B-4294-92D6-F971EE137764}.Debug|Any CPU.Build.0 = Debug|Any CPU
		{2CB6935E-6F3B-4294-92D6-F971EE137764}.Release|Any CPU.ActiveCfg = Release|Any CPU
		{2CB6935E-6F3B-4294-92D6-F971EE137764}.Release|Any CPU.Build.0 = Release|Any CPU
		{5BEF3B6A-02C8-4730-848C-7A974C478B7C}.Debug|Any CPU.ActiveCfg = Debug|Any CPU
		{5BEF3B6A-02C8-4730-848C-7A974C478B7C}.Debug|Any CPU.Build.0 = Debug|Any CPU
		{5BEF3B6A-02C8-4730-848C-7A974C478B7C}.Release|Any CPU.ActiveCfg = Release|Any CPU
		{5BEF3B6A-02C8-4730-848C-7A974C478B7C}.Release|Any CPU.Build.0 = Release|Any CPU
	EndGlobalSection
	GlobalSection(SolutionProperties) = preSolution
		HideSolutionNode = FALSE
	EndGlobalSection
EndGlobal
