
Microsoft Visual Studio Solution File, Format Version 9.00
# Visual Studio 2005
Project("{FAE04EC0-301F-11D3-BF4B-00C04F79EFBC}") = "ObjectXml", "XML Manipulation\ObjectXml.csproj", "{B79EFEE1-ED96-40D0-AD7C-6C4345B5EAB6}"
EndProject
Project("{FAE04EC0-301F-11D3-BF4B-00C04F79EFBC}") = "ObjectXmlUnitTests", "ObjectXmlUnitTests\ObjectXmlUnitTests.csproj", "{0A4DB9B5-568B-4FD8-A7A3-9F3C2F173F39}"
EndProject
Global
	GlobalSection(SolutionConfigurationPlatforms) = preSolution
		Debug|Any CPU = Debug|Any CPU
		Release|Any CPU = Release|Any CPU
	EndGlobalSection
	GlobalSection(ProjectConfigurationPlatforms) = postSolution
		{B79EFEE1-ED96-40D0-AD7C-6C4345B5EAB6}.Debug|Any CPU.ActiveCfg = Debug|Any CPU
		{B79EFEE1-ED96-40D0-AD7C-6C4345B5EAB6}.Debug|Any CPU.Build.0 = Debug|Any CPU
		{B79EFEE1-ED96-40D0-AD7C-6C4345B5EAB6}.Release|Any CPU.ActiveCfg = Release|Any CPU
		{B79EFEE1-ED96-40D0-AD7C-6C4345B5EAB6}.Release|Any CPU.Build.0 = Release|Any CPU
		{0A4DB9B5-568B-4FD8-A7A3-9F3C2F173F39}.Debug|Any CPU.ActiveCfg = Debug|Any CPU
		{0A4DB9B5-568B-4FD8-A7A3-9F3C2F173F39}.Debug|Any CPU.Build.0 = Debug|Any CPU
		{0A4DB9B5-568B-4FD8-A7A3-9F3C2F173F39}.Release|Any CPU.ActiveCfg = Release|Any CPU
		{0A4DB9B5-568B-4FD8-A7A3-9F3C2F173F39}.Release|Any CPU.Build.0 = Release|Any CPU
	EndGlobalSection
	GlobalSection(SolutionProperties) = preSolution
		HideSolutionNode = FALSE
	EndGlobalSection
EndGlobal
