
Microsoft Visual Studio Solution File, Format Version 9.00
# Visual Studio 2005
Project("{FAE04EC0-301F-11D3-BF4B-00C04F79EFBC}") = "OutlookAddin1", "OutlookAddin1\OutlookAddin1.csproj", "{EF354F4B-A723-4ACD-BC3D-EC1DDCBEB6AD}"
EndProject
Project("{54435603-DBB4-11D2-8724-00A0C9A8B90C}") = "OutlookAddin1Setup", "OutlookAddin1Setup\OutlookAddin1Setup", "{69DE3C73-9060-49DD-9D94-3BCC2C2C0B57}"
EndProject
Global
	GlobalSection(SolutionConfigurationPlatforms) = preSolution
		Debug|Any CPU = Debug|Any CPU
		Release|Any CPU = Release|Any CPU
	EndGlobalSection
	GlobalSection(ProjectConfigurationPlatforms) = postSolution
		{EF354F4B-A723-4ACD-BC3D-EC1DDCBEB6AD}.Debug|Any CPU.ActiveCfg = Debug|Any CPU
		{EF354F4B-A723-4ACD-BC3D-EC1DDCBEB6AD}.Debug|Any CPU.Build.0 = Debug|Any CPU
		{EF354F4B-A723-4ACD-BC3D-EC1DDCBEB6AD}.Release|Any CPU.ActiveCfg = Release|Any CPU
		{EF354F4B-A723-4ACD-BC3D-EC1DDCBEB6AD}.Release|Any CPU.Build.0 = Release|Any CPU
		{69DE3C73-9060-49DD-9D94-3BCC2C2C0B57}.Debug|Any CPU.ActiveCfg = Debug
		{69DE3C73-9060-49DD-9D94-3BCC2C2C0B57}.Release|Any CPU.ActiveCfg = Release
	EndGlobalSection
	GlobalSection(SolutionProperties) = preSolution
		HideSolutionNode = FALSE
	EndGlobalSection
EndGlobal
